PODS:
  - PKHUD (5.3.0)
  - SwiftLint (0.45.0)

DEPENDENCIES:
  - PKHUD
  - SwiftLint

SPEC REPOS:
  trunk:
    - PKHUD
    - SwiftLint

SPEC CHECKSUMS:
  PKHUD: 98f3e4bc904b9c916f1c5bb6d765365b5357291b
  SwiftLint: e5c7f1fba68eccfc51509d5b2ce1699f5502e0c7

PODFILE CHECKSUM: d49c8be6891796cbf92d0c66fd1b66851f7f3989

COCOAPODS: 1.10.1
