// !$*UTF8*$!
{
	archiveVersion = 1;
	classes = {
	};
	objectVersion = 55;
	objects = {

/* Begin PBXBuildFile section */
		5D9F8FA501F7158E1FB2BBE4 /* Pods_CreatorMediaClubsUITests.framework in Frameworks */ = {isa = PBXBuildFile; fileRef = 8B2F26EA753B7FE28CD47938 /* Pods_CreatorMediaClubsUITests.framework */; };
		7BD8CE7F1D5E5DA83F451430 /* Pods_CreatorMediaClubsTests.framework in Frameworks */ = {isa = PBXBuildFile; fileRef = 7D100BEB303287FAB7A7F745 /* Pods_CreatorMediaClubsTests.framework */; };
		837BADD8273333780089DAAA /* UIUtility.swift in Sources */ = {isa = PBXBuildFile; fileRef = 837BADD7273333780089DAAA /* UIUtility.swift */; };
		837BADDC273371510089DAAA /* Member.swift in Sources */ = {isa = PBXBuildFile; fileRef = 837BADDB273371510089DAAA /* Member.swift */; };
		837BADDE273374710089DAAA /* Club.swift in Sources */ = {isa = PBXBuildFile; fileRef = 837BADDD273374710089DAAA /* Club.swift */; };
		837BADE0273374B70089DAAA /* Media.swift in Sources */ = {isa = PBXBuildFile; fileRef = 837BADDF273374B70089DAAA /* Media.swift */; };
		837BADE4273398710089DAAA /* UtilityExtensions.swift in Sources */ = {isa = PBXBuildFile; fileRef = 837BADE3273398710089DAAA /* UtilityExtensions.swift */; };
		83B957212734C27400B1DD69 /* ThemeColors.swift in Sources */ = {isa = PBXBuildFile; fileRef = 83B957202734C27400B1DD69 /* ThemeColors.swift */; };
		83CB56882731DD7200E3D3CD /* AppDelegate.swift in Sources */ = {isa = PBXBuildFile; fileRef = 83CB56872731DD7200E3D3CD /* AppDelegate.swift */; };
		83CB568A2731DD7200E3D3CD /* SceneDelegate.swift in Sources */ = {isa = PBXBuildFile; fileRef = 83CB56892731DD7200E3D3CD /* SceneDelegate.swift */; };
		83CB568C2731DD7200E3D3CD /* ViewController.swift in Sources */ = {isa = PBXBuildFile; fileRef = 83CB568B2731DD7200E3D3CD /* ViewController.swift */; };
		83CB568F2731DD7200E3D3CD /* Main.storyboard in Resources */ = {isa = PBXBuildFile; fileRef = 83CB568D2731DD7200E3D3CD /* Main.storyboard */; };
		83CB56912731DD7300E3D3CD /* Assets.xcassets in Resources */ = {isa = PBXBuildFile; fileRef = 83CB56902731DD7300E3D3CD /* Assets.xcassets */; };
		83CB56942731DD7300E3D3CD /* LaunchScreen.storyboard in Resources */ = {isa = PBXBuildFile; fileRef = 83CB56922731DD7300E3D3CD /* LaunchScreen.storyboard */; };
		83CB569F2731DD7300E3D3CD /* CreatorMediaClubsTests.swift in Sources */ = {isa = PBXBuildFile; fileRef = 83CB569E2731DD7300E3D3CD /* CreatorMediaClubsTests.swift */; };
		83CB56A92731DD7300E3D3CD /* CreatorMediaClubsUITests.swift in Sources */ = {isa = PBXBuildFile; fileRef = 83CB56A82731DD7300E3D3CD /* CreatorMediaClubsUITests.swift */; };
		83CB56AB2731DD7300E3D3CD /* CreatorMediaClubsUITestsLaunchTests.swift in Sources */ = {isa = PBXBuildFile; fileRef = 83CB56AA2731DD7300E3D3CD /* CreatorMediaClubsUITestsLaunchTests.swift */; };
		E7DC236E9FE40F6AFB89B364 /* Pods_CreatorMediaClubs.framework in Frameworks */ = {isa = PBXBuildFile; fileRef = A359685FCB162243BFBE5351 /* Pods_CreatorMediaClubs.framework */; };
/* End PBXBuildFile section */

/* Begin PBXContainerItemProxy section */
		83CB569B2731DD7300E3D3CD /* PBXContainerItemProxy */ = {
			isa = PBXContainerItemProxy;
			containerPortal = 83CB567C2731DD7200E3D3CD /* Project object */;
			proxyType = 1;
			remoteGlobalIDString = 83CB56832731DD7200E3D3CD;
			remoteInfo = CreatorMediaClubs;
		};
		83CB56A52731DD7300E3D3CD /* PBXContainerItemProxy */ = {
			isa = PBXContainerItemProxy;
			containerPortal = 83CB567C2731DD7200E3D3CD /* Project object */;
			proxyType = 1;
			remoteGlobalIDString = 83CB56832731DD7200E3D3CD;
			remoteInfo = CreatorMediaClubs;
		};
/* End PBXContainerItemProxy section */

/* Begin PBXFileReference section */
		748A8CE8085CA0F187791492 /* Pods-CreatorMediaClubsUITests.release.xcconfig */ = {isa = PBXFileReference; includeInIndex = 1; lastKnownFileType = text.xcconfig; name = "Pods-CreatorMediaClubsUITests.release.xcconfig"; path = "Target Support Files/Pods-CreatorMediaClubsUITests/Pods-CreatorMediaClubsUITests.release.xcconfig"; sourceTree = "<group>"; };
		7D100BEB303287FAB7A7F745 /* Pods_CreatorMediaClubsTests.framework */ = {isa = PBXFileReference; explicitFileType = wrapper.framework; includeInIndex = 0; path = Pods_CreatorMediaClubsTests.framework; sourceTree = BUILT_PRODUCTS_DIR; };
		837BADD7273333780089DAAA /* UIUtility.swift */ = {isa = PBXFileReference; lastKnownFileType = sourcecode.swift; path = UIUtility.swift; sourceTree = "<group>"; };
		837BADDB273371510089DAAA /* Member.swift */ = {isa = PBXFileReference; lastKnownFileType = sourcecode.swift; path = Member.swift; sourceTree = "<group>"; };
		837BADDD273374710089DAAA /* Club.swift */ = {isa = PBXFileReference; lastKnownFileType = sourcecode.swift; path = Club.swift; sourceTree = "<group>"; };
		837BADDF273374B70089DAAA /* Media.swift */ = {isa = PBXFileReference; lastKnownFileType = sourcecode.swift; path = Media.swift; sourceTree = "<group>"; };
		837BADE3273398710089DAAA /* UtilityExtensions.swift */ = {isa = PBXFileReference; lastKnownFileType = sourcecode.swift; path = UtilityExtensions.swift; sourceTree = "<group>"; };
		83B957202734C27400B1DD69 /* ThemeColors.swift */ = {isa = PBXFileReference; lastKnownFileType = sourcecode.swift; path = ThemeColors.swift; sourceTree = "<group>"; };
		83CB56842731DD7200E3D3CD /* CreatorMediaClubs.app */ = {isa = PBXFileReference; explicitFileType = wrapper.application; includeInIndex = 0; path = CreatorMediaClubs.app; sourceTree = BUILT_PRODUCTS_DIR; };
		83CB56872731DD7200E3D3CD /* AppDelegate.swift */ = {isa = PBXFileReference; lastKnownFileType = sourcecode.swift; path = AppDelegate.swift; sourceTree = "<group>"; };
		83CB56892731DD7200E3D3CD /* SceneDelegate.swift */ = {isa = PBXFileReference; lastKnownFileType = sourcecode.swift; path = SceneDelegate.swift; sourceTree = "<group>"; };
		83CB568B2731DD7200E3D3CD /* ViewController.swift */ = {isa = PBXFileReference; lastKnownFileType = sourcecode.swift; path = ViewController.swift; sourceTree = "<group>"; };
		83CB568E2731DD7200E3D3CD /* Base */ = {isa = PBXFileReference; lastKnownFileType = file.storyboard; name = Base; path = Base.lproj/Main.storyboard; sourceTree = "<group>"; };
		83CB56902731DD7300E3D3CD /* Assets.xcassets */ = {isa = PBXFileReference; lastKnownFileType = folder.assetcatalog; path = Assets.xcassets; sourceTree = "<group>"; };
		83CB56932731DD7300E3D3CD /* Base */ = {isa = PBXFileReference; lastKnownFileType = file.storyboard; name = Base; path = Base.lproj/LaunchScreen.storyboard; sourceTree = "<group>"; };
		83CB56952731DD7300E3D3CD /* Info.plist */ = {isa = PBXFileReference; lastKnownFileType = text.plist.xml; path = Info.plist; sourceTree = "<group>"; };
		83CB569A2731DD7300E3D3CD /* CreatorMediaClubsTests.xctest */ = {isa = PBXFileReference; explicitFileType = wrapper.cfbundle; includeInIndex = 0; path = CreatorMediaClubsTests.xctest; sourceTree = BUILT_PRODUCTS_DIR; };
		83CB569E2731DD7300E3D3CD /* CreatorMediaClubsTests.swift */ = {isa = PBXFileReference; lastKnownFileType = sourcecode.swift; path = CreatorMediaClubsTests.swift; sourceTree = "<group>"; };
		83CB56A42731DD7300E3D3CD /* CreatorMediaClubsUITests.xctest */ = {isa = PBXFileReference; explicitFileType = wrapper.cfbundle; includeInIndex = 0; path = CreatorMediaClubsUITests.xctest; sourceTree = BUILT_PRODUCTS_DIR; };
		83CB56A82731DD7300E3D3CD /* CreatorMediaClubsUITests.swift */ = {isa = PBXFileReference; lastKnownFileType = sourcecode.swift; path = CreatorMediaClubsUITests.swift; sourceTree = "<group>"; };
		83CB56AA2731DD7300E3D3CD /* CreatorMediaClubsUITestsLaunchTests.swift */ = {isa = PBXFileReference; lastKnownFileType = sourcecode.swift; path = CreatorMediaClubsUITestsLaunchTests.swift; sourceTree = "<group>"; };
		8A2FF051BF9D2A73F2F0B0CD /* Pods-CreatorMediaClubsTests.debug.xcconfig */ = {isa = PBXFileReference; includeInIndex = 1; lastKnownFileType = text.xcconfig; name = "Pods-CreatorMediaClubsTests.debug.xcconfig"; path = "Target Support Files/Pods-CreatorMediaClubsTests/Pods-CreatorMediaClubsTests.debug.xcconfig"; sourceTree = "<group>"; };
		8B2F26EA753B7FE28CD47938 /* Pods_CreatorMediaClubsUITests.framework */ = {isa = PBXFileReference; explicitFileType = wrapper.framework; includeInIndex = 0; path = Pods_CreatorMediaClubsUITests.framework; sourceTree = BUILT_PRODUCTS_DIR; };
		A359685FCB162243BFBE5351 /* Pods_CreatorMediaClubs.framework */ = {isa = PBXFileReference; explicitFileType = wrapper.framework; includeInIndex = 0; path = Pods_CreatorMediaClubs.framework; sourceTree = BUILT_PRODUCTS_DIR; };
		BF3BC1982E4760D4F2709807 /* Pods-CreatorMediaClubsUITests.debug.xcconfig */ = {isa = PBXFileReference; includeInIndex = 1; lastKnownFileType = text.xcconfig; name = "Pods-CreatorMediaClubsUITests.debug.xcconfig"; path = "Target Support Files/Pods-CreatorMediaClubsUITests/Pods-CreatorMediaClubsUITests.debug.xcconfig"; sourceTree = "<group>"; };
		C35315D0AEBEB7B7DA71CF86 /* Pods-CreatorMediaClubs-CreatorMediaClubsUITests.debug.xcconfig */ = {isa = PBXFileReference; includeInIndex = 1; lastKnownFileType = text.xcconfig; name = "Pods-CreatorMediaClubs-CreatorMediaClubsUITests.debug.xcconfig"; path = "Target Support Files/Pods-CreatorMediaClubs-CreatorMediaClubsUITests/Pods-CreatorMediaClubs-CreatorMediaClubsUITests.debug.xcconfig"; sourceTree = "<group>"; };
		C44F3CEDFFD4B6AF50D3FC5E /* Pods-CreatorMediaClubs.release.xcconfig */ = {isa = PBXFileReference; includeInIndex = 1; lastKnownFileType = text.xcconfig; name = "Pods-CreatorMediaClubs.release.xcconfig"; path = "Target Support Files/Pods-CreatorMediaClubs/Pods-CreatorMediaClubs.release.xcconfig"; sourceTree = "<group>"; };
		CC10B0CD028AEF8DB7B82A6A /* Pods-CreatorMediaClubsTests.release.xcconfig */ = {isa = PBXFileReference; includeInIndex = 1; lastKnownFileType = text.xcconfig; name = "Pods-CreatorMediaClubsTests.release.xcconfig"; path = "Target Support Files/Pods-CreatorMediaClubsTests/Pods-CreatorMediaClubsTests.release.xcconfig"; sourceTree = "<group>"; };
		D88932172988E360EC745FB7 /* Pods-CreatorMediaClubs-CreatorMediaClubsUITests.release.xcconfig */ = {isa = PBXFileReference; includeInIndex = 1; lastKnownFileType = text.xcconfig; name = "Pods-CreatorMediaClubs-CreatorMediaClubsUITests.release.xcconfig"; path = "Target Support Files/Pods-CreatorMediaClubs-CreatorMediaClubsUITests/Pods-CreatorMediaClubs-CreatorMediaClubsUITests.release.xcconfig"; sourceTree = "<group>"; };
		F53DDF1CDAAB1E4CD3A616E9 /* Pods-CreatorMediaClubs.debug.xcconfig */ = {isa = PBXFileReference; includeInIndex = 1; lastKnownFileType = text.xcconfig; name = "Pods-CreatorMediaClubs.debug.xcconfig"; path = "Target Support Files/Pods-CreatorMediaClubs/Pods-CreatorMediaClubs.debug.xcconfig"; sourceTree = "<group>"; };
/* End PBXFileReference section */

/* Begin PBXFrameworksBuildPhase section */
		83CB56812731DD7200E3D3CD /* Frameworks */ = {
			isa = PBXFrameworksBuildPhase;
			buildActionMask = 2147483647;
			files = (
				E7DC236E9FE40F6AFB89B364 /* Pods_CreatorMediaClubs.framework in Frameworks */,
			);
			runOnlyForDeploymentPostprocessing = 0;
		};
		83CB56972731DD7300E3D3CD /* Frameworks */ = {
			isa = PBXFrameworksBuildPhase;
			buildActionMask = 2147483647;
			files = (
				7BD8CE7F1D5E5DA83F451430 /* Pods_CreatorMediaClubsTests.framework in Frameworks */,
			);
			runOnlyForDeploymentPostprocessing = 0;
		};
		83CB56A12731DD7300E3D3CD /* Frameworks */ = {
			isa = PBXFrameworksBuildPhase;
			buildActionMask = 2147483647;
			files = (
				5D9F8FA501F7158E1FB2BBE4 /* Pods_CreatorMediaClubsUITests.framework in Frameworks */,
			);
			runOnlyForDeploymentPostprocessing = 0;
		};
/* End PBXFrameworksBuildPhase section */

/* Begin PBXGroup section */
		65B81FD1391C6BED4405CCAD /* Frameworks */ = {
			isa = PBXGroup;
			children = (
				A359685FCB162243BFBE5351 /* Pods_CreatorMediaClubs.framework */,
				7D100BEB303287FAB7A7F745 /* Pods_CreatorMediaClubsTests.framework */,
				8B2F26EA753B7FE28CD47938 /* Pods_CreatorMediaClubsUITests.framework */,
			);
			name = Frameworks;
			sourceTree = "<group>";
		};
		837BADD92733346D0089DAAA /* Utility */ = {
			isa = PBXGroup;
			children = (
				837BADD7273333780089DAAA /* UIUtility.swift */,
				837BADE3273398710089DAAA /* UtilityExtensions.swift */,
				83B957202734C27400B1DD69 /* ThemeColors.swift */,
			);
			path = Utility;
			sourceTree = "<group>";
		};
		837BADDA2733713B0089DAAA /* objectModels */ = {
			isa = PBXGroup;
			children = (
				837BADDB273371510089DAAA /* Member.swift */,
				837BADDD273374710089DAAA /* Club.swift */,
				837BADDF273374B70089DAAA /* Media.swift */,
			);
			path = objectModels;
			sourceTree = "<group>";
		};
		83CB567B2731DD7200E3D3CD = {
			isa = PBXGroup;
			children = (
				83CB56862731DD7200E3D3CD /* CreatorMediaClubs */,
				83CB569D2731DD7300E3D3CD /* CreatorMediaClubsTests */,
				83CB56A72731DD7300E3D3CD /* CreatorMediaClubsUITests */,
				83CB56852731DD7200E3D3CD /* Products */,
				8B1ECC3DE167F0272F7FEA6B /* Pods */,
				65B81FD1391C6BED4405CCAD /* Frameworks */,
			);
			sourceTree = "<group>";
		};
		83CB56852731DD7200E3D3CD /* Products */ = {
			isa = PBXGroup;
			children = (
				83CB56842731DD7200E3D3CD /* CreatorMediaClubs.app */,
				83CB569A2731DD7300E3D3CD /* CreatorMediaClubsTests.xctest */,
				83CB56A42731DD7300E3D3CD /* CreatorMediaClubsUITests.xctest */,
			);
			name = Products;
			sourceTree = "<group>";
		};
		83CB56862731DD7200E3D3CD /* CreatorMediaClubs */ = {
			isa = PBXGroup;
			children = (
				837BADDA2733713B0089DAAA /* objectModels */,
				837BADD92733346D0089DAAA /* Utility */,
				83CB56872731DD7200E3D3CD /* AppDelegate.swift */,
				83CB56892731DD7200E3D3CD /* SceneDelegate.swift */,
				83CB568B2731DD7200E3D3CD /* ViewController.swift */,
				83CB568D2731DD7200E3D3CD /* Main.storyboard */,
				83CB56902731DD7300E3D3CD /* Assets.xcassets */,
				83CB56922731DD7300E3D3CD /* LaunchScreen.storyboard */,
				83CB56952731DD7300E3D3CD /* Info.plist */,
			);
			path = CreatorMediaClubs;
			sourceTree = "<group>";
		};
		83CB569D2731DD7300E3D3CD /* CreatorMediaClubsTests */ = {
			isa = PBXGroup;
			children = (
				83CB569E2731DD7300E3D3CD /* CreatorMediaClubsTests.swift */,
			);
			path = CreatorMediaClubsTests;
			sourceTree = "<group>";
		};
		83CB56A72731DD7300E3D3CD /* CreatorMediaClubsUITests */ = {
			isa = PBXGroup;
			children = (
				83CB56A82731DD7300E3D3CD /* CreatorMediaClubsUITests.swift */,
				83CB56AA2731DD7300E3D3CD /* CreatorMediaClubsUITestsLaunchTests.swift */,
			);
			path = CreatorMediaClubsUITests;
			sourceTree = "<group>";
		};
		8B1ECC3DE167F0272F7FEA6B /* Pods */ = {
			isa = PBXGroup;
			children = (
				F53DDF1CDAAB1E4CD3A616E9 /* Pods-CreatorMediaClubs.debug.xcconfig */,
				C44F3CEDFFD4B6AF50D3FC5E /* Pods-CreatorMediaClubs.release.xcconfig */,
				C35315D0AEBEB7B7DA71CF86 /* Pods-CreatorMediaClubs-CreatorMediaClubsUITests.debug.xcconfig */,
				D88932172988E360EC745FB7 /* Pods-CreatorMediaClubs-CreatorMediaClubsUITests.release.xcconfig */,
				8A2FF051BF9D2A73F2F0B0CD /* Pods-CreatorMediaClubsTests.debug.xcconfig */,
				CC10B0CD028AEF8DB7B82A6A /* Pods-CreatorMediaClubsTests.release.xcconfig */,
				BF3BC1982E4760D4F2709807 /* Pods-CreatorMediaClubsUITests.debug.xcconfig */,
				748A8CE8085CA0F187791492 /* Pods-CreatorMediaClubsUITests.release.xcconfig */,
			);
			path = Pods;
			sourceTree = "<group>";
		};
/* End PBXGroup section */

/* Begin PBXNativeTarget section */
		83CB56832731DD7200E3D3CD /* CreatorMediaClubs */ = {
			isa = PBXNativeTarget;
			buildConfigurationList = 83CB56AE2731DD7300E3D3CD /* Build configuration list for PBXNativeTarget "CreatorMediaClubs" */;
			buildPhases = (
				0E6CC9A3646F6DA786FFF3D4 /* [CP] Check Pods Manifest.lock */,
				83CB56802731DD7200E3D3CD /* Sources */,
				83CB56812731DD7200E3D3CD /* Frameworks */,
				83CB56822731DD7200E3D3CD /* Resources */,
				83CB56B72731DFD300E3D3CD /* SwiftLint */,
				9685A48FE075FC4CD8B1696C /* [CP] Embed Pods Frameworks */,
			);
			buildRules = (
			);
			dependencies = (
			);
			name = CreatorMediaClubs;
			productName = CreatorMediaClubs;
			productReference = 83CB56842731DD7200E3D3CD /* CreatorMediaClubs.app */;
			productType = "com.apple.product-type.application";
		};
		83CB56992731DD7300E3D3CD /* CreatorMediaClubsTests */ = {
			isa = PBXNativeTarget;
			buildConfigurationList = 83CB56B12731DD7300E3D3CD /* Build configuration list for PBXNativeTarget "CreatorMediaClubsTests" */;
			buildPhases = (
				D1AFA19E2E28FB88FB2FDA5F /* [CP] Check Pods Manifest.lock */,
				83CB56962731DD7300E3D3CD /* Sources */,
				83CB56972731DD7300E3D3CD /* Frameworks */,
				83CB56982731DD7300E3D3CD /* Resources */,
			);
			buildRules = (
			);
			dependencies = (
				83CB569C2731DD7300E3D3CD /* PBXTargetDependency */,
			);
			name = CreatorMediaClubsTests;
			productName = CreatorMediaClubsTests;
			productReference = 83CB569A2731DD7300E3D3CD /* CreatorMediaClubsTests.xctest */;
			productType = "com.apple.product-type.bundle.unit-test";
		};
		83CB56A32731DD7300E3D3CD /* CreatorMediaClubsUITests */ = {
			isa = PBXNativeTarget;
			buildConfigurationList = 83CB56B42731DD7300E3D3CD /* Build configuration list for PBXNativeTarget "CreatorMediaClubsUITests" */;
			buildPhases = (
				82CD88EE52936C06F9744139 /* [CP] Check Pods Manifest.lock */,
				83CB56A02731DD7300E3D3CD /* Sources */,
				83CB56A12731DD7300E3D3CD /* Frameworks */,
				83CB56A22731DD7300E3D3CD /* Resources */,
			);
			buildRules = (
			);
			dependencies = (
				83CB56A62731DD7300E3D3CD /* PBXTargetDependency */,
			);
			name = CreatorMediaClubsUITests;
			productName = CreatorMediaClubsUITests;
			productReference = 83CB56A42731DD7300E3D3CD /* CreatorMediaClubsUITests.xctest */;
			productType = "com.apple.product-type.bundle.ui-testing";
		};
/* End PBXNativeTarget section */

/* Begin PBXProject section */
		83CB567C2731DD7200E3D3CD /* Project object */ = {
			isa = PBXProject;
			attributes = {
				BuildIndependentTargetsInParallel = 1;
				LastSwiftUpdateCheck = 1310;
				LastUpgradeCheck = 1310;
				TargetAttributes = {
					83CB56832731DD7200E3D3CD = {
						CreatedOnToolsVersion = 13.1;
					};
					83CB56992731DD7300E3D3CD = {
						CreatedOnToolsVersion = 13.1;
						TestTargetID = 83CB56832731DD7200E3D3CD;
					};
					83CB56A32731DD7300E3D3CD = {
						CreatedOnToolsVersion = 13.1;
						TestTargetID = 83CB56832731DD7200E3D3CD;
					};
				};
			};
			buildConfigurationList = 83CB567F2731DD7200E3D3CD /* Build configuration list for PBXProject "CreatorMediaClubs" */;
			compatibilityVersion = "Xcode 13.0";
			developmentRegion = en;
			hasScannedForEncodings = 0;
			knownRegions = (
				en,
				Base,
			);
			mainGroup = 83CB567B2731DD7200E3D3CD;
			productRefGroup = 83CB56852731DD7200E3D3CD /* Products */;
			projectDirPath = "";
			projectRoot = "";
			targets = (
				83CB56832731DD7200E3D3CD /* CreatorMediaClubs */,
				83CB56992731DD7300E3D3CD /* CreatorMediaClubsTests */,
				83CB56A32731DD7300E3D3CD /* CreatorMediaClubsUITests */,
			);
		};
/* End PBXProject section */

/* Begin PBXResourcesBuildPhase section */
		83CB56822731DD7200E3D3CD /* Resources */ = {
			isa = PBXResourcesBuildPhase;
			buildActionMask = 2147483647;
			files = (
				83CB56942731DD7300E3D3CD /* LaunchScreen.storyboard in Resources */,
				83CB56912731DD7300E3D3CD /* Assets.xcassets in Resources */,
				83CB568F2731DD7200E3D3CD /* Main.storyboard in Resources */,
			);
			runOnlyForDeploymentPostprocessing = 0;
		};
		83CB56982731DD7300E3D3CD /* Resources */ = {
			isa = PBXResourcesBuildPhase;
			buildActionMask = 2147483647;
			files = (
			);
			runOnlyForDeploymentPostprocessing = 0;
		};
		83CB56A22731DD7300E3D3CD /* Resources */ = {
			isa = PBXResourcesBuildPhase;
			buildActionMask = 2147483647;
			files = (
			);
			runOnlyForDeploymentPostprocessing = 0;
		};
/* End PBXResourcesBuildPhase section */

/* Begin PBXShellScriptBuildPhase section */
		0E6CC9A3646F6DA786FFF3D4 /* [CP] Check Pods Manifest.lock */ = {
			isa = PBXShellScriptBuildPhase;
			buildActionMask = 2147483647;
			files = (
			);
			inputFileListPaths = (
			);
			inputPaths = (
				"${PODS_PODFILE_DIR_PATH}/Podfile.lock",
				"${PODS_ROOT}/Manifest.lock",
			);
			name = "[CP] Check Pods Manifest.lock";
			outputFileListPaths = (
			);
			outputPaths = (
				"$(DERIVED_FILE_DIR)/Pods-CreatorMediaClubs-checkManifestLockResult.txt",
			);
			runOnlyForDeploymentPostprocessing = 0;
			shellPath = /bin/sh;
			shellScript = "diff \"${PODS_PODFILE_DIR_PATH}/Podfile.lock\" \"${PODS_ROOT}/Manifest.lock\" > /dev/null\nif [ $? != 0 ] ; then\n    # print error to STDERR\n    echo \"error: The sandbox is not in sync with the Podfile.lock. Run 'pod install' or update your CocoaPods installation.\" >&2\n    exit 1\nfi\n# This output is used by Xcode 'outputs' to avoid re-running this script phase.\necho \"SUCCESS\" > \"${SCRIPT_OUTPUT_FILE_0}\"\n";
			showEnvVarsInLog = 0;
		};
		82CD88EE52936C06F9744139 /* [CP] Check Pods Manifest.lock */ = {
			isa = PBXShellScriptBuildPhase;
			buildActionMask = 2147483647;
			files = (
			);
			inputFileListPaths = (
			);
			inputPaths = (
				"${PODS_PODFILE_DIR_PATH}/Podfile.lock",
				"${PODS_ROOT}/Manifest.lock",
			);
			name = "[CP] Check Pods Manifest.lock";
			outputFileListPaths = (
			);
			outputPaths = (
				"$(DERIVED_FILE_DIR)/Pods-CreatorMediaClubsUITests-checkManifestLockResult.txt",
			);
			runOnlyForDeploymentPostprocessing = 0;
			shellPath = /bin/sh;
			shellScript = "diff \"${PODS_PODFILE_DIR_PATH}/Podfile.lock\" \"${PODS_ROOT}/Manifest.lock\" > /dev/null\nif [ $? != 0 ] ; then\n    # print error to STDERR\n    echo \"error: The sandbox is not in sync with the Podfile.lock. Run 'pod install' or update your CocoaPods installation.\" >&2\n    exit 1\nfi\n# This output is used by Xcode 'outputs' to avoid re-running this script phase.\necho \"SUCCESS\" > \"${SCRIPT_OUTPUT_FILE_0}\"\n";
			showEnvVarsInLog = 0;
		};
		83CB56B72731DFD300E3D3CD /* SwiftLint */ = {
			isa = PBXShellScriptBuildPhase;
			buildActionMask = 2147483647;
			files = (
			);
			inputFileListPaths = (
			);
			inputPaths = (
			);
			name = SwiftLint;
			outputFileListPaths = (
			);
			outputPaths = (
			);
			runOnlyForDeploymentPostprocessing = 0;
			shellPath = /bin/sh;
			shellScript = "# Type a script or drag a script file from your workspace to insert its path.\nif which \"${PODS_ROOT}/SwiftLint/swiftlint\" >/dev/null; then\n  \"${PODS_ROOT}/SwiftLint/swiftlint\"\nelse\n  echo \"warning: SwiftLint not installed, download from https://github.com/realm/SwiftLint\"\nfi\n";
		};
		9685A48FE075FC4CD8B1696C /* [CP] Embed Pods Frameworks */ = {
			isa = PBXShellScriptBuildPhase;
			buildActionMask = 2147483647;
			files = (
			);
			inputFileListPaths = (
				"${PODS_ROOT}/Target Support Files/Pods-CreatorMediaClubs/Pods-CreatorMediaClubs-frameworks-${CONFIGURATION}-input-files.xcfilelist",
			);
			name = "[CP] Embed Pods Frameworks";
			outputFileListPaths = (
				"${PODS_ROOT}/Target Support Files/Pods-CreatorMediaClubs/Pods-CreatorMediaClubs-frameworks-${CONFIGURATION}-output-files.xcfilelist",
			);
			runOnlyForDeploymentPostprocessing = 0;
			shellPath = /bin/sh;
			shellScript = "\"${PODS_ROOT}/Target Support Files/Pods-CreatorMediaClubs/Pods-CreatorMediaClubs-frameworks.sh\"\n";
			showEnvVarsInLog = 0;
		};
		D1AFA19E2E28FB88FB2FDA5F /* [CP] Check Pods Manifest.lock */ = {
			isa = PBXShellScriptBuildPhase;
			buildActionMask = 2147483647;
			files = (
			);
			inputFileListPaths = (
			);
			inputPaths = (
				"${PODS_PODFILE_DIR_PATH}/Podfile.lock",
				"${PODS_ROOT}/Manifest.lock",
			);
			name = "[CP] Check Pods Manifest.lock";
			outputFileListPaths = (
			);
			outputPaths = (
				"$(DERIVED_FILE_DIR)/Pods-CreatorMediaClubsTests-checkManifestLockResult.txt",
			);
			runOnlyForDeploymentPostprocessing = 0;
			shellPath = /bin/sh;
			shellScript = "diff \"${PODS_PODFILE_DIR_PATH}/Podfile.lock\" \"${PODS_ROOT}/Manifest.lock\" > /dev/null\nif [ $? != 0 ] ; then\n    # print error to STDERR\n    echo \"error: The sandbox is not in sync with the Podfile.lock. Run 'pod install' or update your CocoaPods installation.\" >&2\n    exit 1\nfi\n# This output is used by Xcode 'outputs' to avoid re-running this script phase.\necho \"SUCCESS\" > \"${SCRIPT_OUTPUT_FILE_0}\"\n";
			showEnvVarsInLog = 0;
		};
/* End PBXShellScriptBuildPhase section */

/* Begin PBXSourcesBuildPhase section */
		83CB56802731DD7200E3D3CD /* Sources */ = {
			isa = PBXSourcesBuildPhase;
			buildActionMask = 2147483647;
			files = (
				837BADDC273371510089DAAA /* Member.swift in Sources */,
				837BADDE273374710089DAAA /* Club.swift in Sources */,
				837BADE4273398710089DAAA /* UtilityExtensions.swift in Sources */,
				837BADE0273374B70089DAAA /* Media.swift in Sources */,
				837BADD8273333780089DAAA /* UIUtility.swift in Sources */,
				83CB568C2731DD7200E3D3CD /* ViewController.swift in Sources */,
				83CB56882731DD7200E3D3CD /* AppDelegate.swift in Sources */,
				83CB568A2731DD7200E3D3CD /* SceneDelegate.swift in Sources */,
				83B957212734C27400B1DD69 /* ThemeColors.swift in Sources */,
			);
			runOnlyForDeploymentPostprocessing = 0;
		};
		83CB56962731DD7300E3D3CD /* Sources */ = {
			isa = PBXSourcesBuildPhase;
			buildActionMask = 2147483647;
			files = (
				83CB569F2731DD7300E3D3CD /* CreatorMediaClubsTests.swift in Sources */,
			);
			runOnlyForDeploymentPostprocessing = 0;
		};
		83CB56A02731DD7300E3D3CD /* Sources */ = {
			isa = PBXSourcesBuildPhase;
			buildActionMask = 2147483647;
			files = (
				83CB56AB2731DD7300E3D3CD /* CreatorMediaClubsUITestsLaunchTests.swift in Sources */,
				83CB56A92731DD7300E3D3CD /* CreatorMediaClubsUITests.swift in Sources */,
			);
			runOnlyForDeploymentPostprocessing = 0;
		};
/* End PBXSourcesBuildPhase section */

/* Begin PBXTargetDependency section */
		83CB569C2731DD7300E3D3CD /* PBXTargetDependency */ = {
			isa = PBXTargetDependency;
			target = 83CB56832731DD7200E3D3CD /* CreatorMediaClubs */;
			targetProxy = 83CB569B2731DD7300E3D3CD /* PBXContainerItemProxy */;
		};
		83CB56A62731DD7300E3D3CD /* PBXTargetDependency */ = {
			isa = PBXTargetDependency;
			target = 83CB56832731DD7200E3D3CD /* CreatorMediaClubs */;
			targetProxy = 83CB56A52731DD7300E3D3CD /* PBXContainerItemProxy */;
		};
/* End PBXTargetDependency section */

/* Begin PBXVariantGroup section */
		83CB568D2731DD7200E3D3CD /* Main.storyboard */ = {
			isa = PBXVariantGroup;
			children = (
				83CB568E2731DD7200E3D3CD /* Base */,
			);
			name = Main.storyboard;
			sourceTree = "<group>";
		};
		83CB56922731DD7300E3D3CD /* LaunchScreen.storyboard */ = {
			isa = PBXVariantGroup;
			children = (
				83CB56932731DD7300E3D3CD /* Base */,
			);
			name = LaunchScreen.storyboard;
			sourceTree = "<group>";
		};
/* End PBXVariantGroup section */

/* Begin XCBuildConfiguration section */
		83CB56AC2731DD7300E3D3CD /* Debug */ = {
			isa = XCBuildConfiguration;
			buildSettings = {
				ALWAYS_SEARCH_USER_PATHS = NO;
				CLANG_ANALYZER_NONNULL = YES;
				CLANG_ANALYZER_NUMBER_OBJECT_CONVERSION = YES_AGGRESSIVE;
				CLANG_CXX_LANGUAGE_STANDARD = "gnu++17";
				CLANG_CXX_LIBRARY = "libc++";
				CLANG_ENABLE_MODULES = YES;
				CLANG_ENABLE_OBJC_ARC = YES;
				CLANG_ENABLE_OBJC_WEAK = YES;
				CLANG_WARN_BLOCK_CAPTURE_AUTORELEASING = YES;
				CLANG_WARN_BOOL_CONVERSION = YES;
				CLANG_WARN_COMMA = YES;
				CLANG_WARN_CONSTANT_CONVERSION = YES;
				CLANG_WARN_DEPRECATED_OBJC_IMPLEMENTATIONS = YES;
				CLANG_WARN_DIRECT_OBJC_ISA_USAGE = YES_ERROR;
				CLANG_WARN_DOCUMENTATION_COMMENTS = YES;
				CLANG_WARN_EMPTY_BODY = YES;
				CLANG_WARN_ENUM_CONVERSION = YES;
				CLANG_WARN_INFINITE_RECURSION = YES;
				CLANG_WARN_INT_CONVERSION = YES;
				CLANG_WARN_NON_LITERAL_NULL_CONVERSION = YES;
				CLANG_WARN_OBJC_IMPLICIT_RETAIN_SELF = YES;
				CLANG_WARN_OBJC_LITERAL_CONVERSION = YES;
				CLANG_WARN_OBJC_ROOT_CLASS = YES_ERROR;
				CLANG_WARN_QUOTED_INCLUDE_IN_FRAMEWORK_HEADER = YES;
				CLANG_WARN_RANGE_LOOP_ANALYSIS = YES;
				CLANG_WARN_STRICT_PROTOTYPES = YES;
				CLANG_WARN_SUSPICIOUS_MOVE = YES;
				CLANG_WARN_UNGUARDED_AVAILABILITY = YES_AGGRESSIVE;
				CLANG_WARN_UNREACHABLE_CODE = YES;
				CLANG_WARN__DUPLICATE_METHOD_MATCH = YES;
				COPY_PHASE_STRIP = NO;
				DEBUG_INFORMATION_FORMAT = dwarf;
				ENABLE_STRICT_OBJC_MSGSEND = YES;
				ENABLE_TESTABILITY = YES;
				GCC_C_LANGUAGE_STANDARD = gnu11;
				GCC_DYNAMIC_NO_PIC = NO;
				GCC_NO_COMMON_BLOCKS = YES;
				GCC_OPTIMIZATION_LEVEL = 0;
				GCC_PREPROCESSOR_DEFINITIONS = (
					"DEBUG=1",
					"$(inherited)",
				);
				GCC_WARN_64_TO_32_BIT_CONVERSION = YES;
				GCC_WARN_ABOUT_RETURN_TYPE = YES_ERROR;
				GCC_WARN_UNDECLARED_SELECTOR = YES;
				GCC_WARN_UNINITIALIZED_AUTOS = YES_AGGRESSIVE;
				GCC_WARN_UNUSED_FUNCTION = YES;
				GCC_WARN_UNUSED_VARIABLE = YES;
				IPHONEOS_DEPLOYMENT_TARGET = 15.0;
				MTL_ENABLE_DEBUG_INFO = INCLUDE_SOURCE;
				MTL_FAST_MATH = YES;
				ONLY_ACTIVE_ARCH = YES;
				SDKROOT = iphoneos;
				SWIFT_ACTIVE_COMPILATION_CONDITIONS = DEBUG;
				SWIFT_OPTIMIZATION_LEVEL = "-Onone";
			};
			name = Debug;
		};
		83CB56AD2731DD7300E3D3CD /* Release */ = {
			isa = XCBuildConfiguration;
			buildSettings = {
				ALWAYS_SEARCH_USER_PATHS = NO;
				CLANG_ANALYZER_NONNULL = YES;
				CLANG_ANALYZER_NUMBER_OBJECT_CONVERSION = YES_AGGRESSIVE;
				CLANG_CXX_LANGUAGE_STANDARD = "gnu++17";
				CLANG_CXX_LIBRARY = "libc++";
				CLANG_ENABLE_MODULES = YES;
				CLANG_ENABLE_OBJC_ARC = YES;
				CLANG_ENABLE_OBJC_WEAK = YES;
				CLANG_WARN_BLOCK_CAPTURE_AUTORELEASING = YES;
				CLANG_WARN_BOOL_CONVERSION = YES;
				CLANG_WARN_COMMA = YES;
				CLANG_WARN_CONSTANT_CONVERSION = YES;
				CLANG_WARN_DEPRECATED_OBJC_IMPLEMENTATIONS = YES;
				CLANG_WARN_DIRECT_OBJC_ISA_USAGE = YES_ERROR;
				CLANG_WARN_DOCUMENTATION_COMMENTS = YES;
				CLANG_WARN_EMPTY_BODY = YES;
				CLANG_WARN_ENUM_CONVERSION = YES;
				CLANG_WARN_INFINITE_RECURSION = YES;
				CLANG_WARN_INT_CONVERSION = YES;
				CLANG_WARN_NON_LITERAL_NULL_CONVERSION = YES;
				CLANG_WARN_OBJC_IMPLICIT_RETAIN_SELF = YES;
				CLANG_WARN_OBJC_LITERAL_CONVERSION = YES;
				CLANG_WARN_OBJC_ROOT_CLASS = YES_ERROR;
				CLANG_WARN_QUOTED_INCLUDE_IN_FRAMEWORK_HEADER = YES;
				CLANG_WARN_RANGE_LOOP_ANALYSIS = YES;
				CLANG_WARN_STRICT_PROTOTYPES = YES;
				CLANG_WARN_SUSPICIOUS_MOVE = YES;
				CLANG_WARN_UNGUARDED_AVAILABILITY = YES_AGGRESSIVE;
				CLANG_WARN_UNREACHABLE_CODE = YES;
				CLANG_WARN__DUPLICATE_METHOD_MATCH = YES;
				COPY_PHASE_STRIP = NO;
				DEBUG_INFORMATION_FORMAT = "dwarf-with-dsym";
				ENABLE_NS_ASSERTIONS = NO;
				ENABLE_STRICT_OBJC_MSGSEND = YES;
				GCC_C_LANGUAGE_STANDARD = gnu11;
				GCC_NO_COMMON_BLOCKS = YES;
				GCC_WARN_64_TO_32_BIT_CONVERSION = YES;
				GCC_WARN_ABOUT_RETURN_TYPE = YES_ERROR;
				GCC_WARN_UNDECLARED_SELECTOR = YES;
				GCC_WARN_UNINITIALIZED_AUTOS = YES_AGGRESSIVE;
				GCC_WARN_UNUSED_FUNCTION = YES;
				GCC_WARN_UNUSED_VARIABLE = YES;
				IPHONEOS_DEPLOYMENT_TARGET = 15.0;
				MTL_ENABLE_DEBUG_INFO = NO;
				MTL_FAST_MATH = YES;
				SDKROOT = iphoneos;
				SWIFT_COMPILATION_MODE = wholemodule;
				SWIFT_OPTIMIZATION_LEVEL = "-O";
				VALIDATE_PRODUCT = YES;
			};
			name = Release;
		};
		83CB56AF2731DD7300E3D3CD /* Debug */ = {
			isa = XCBuildConfiguration;
			baseConfigurationReference = F53DDF1CDAAB1E4CD3A616E9 /* Pods-CreatorMediaClubs.debug.xcconfig */;
			buildSettings = {
				ASSETCATALOG_COMPILER_APPICON_NAME = AppIcon;
				ASSETCATALOG_COMPILER_GLOBAL_ACCENT_COLOR_NAME = AccentColor;
				CODE_SIGN_STYLE = Automatic;
				CURRENT_PROJECT_VERSION = 1;
				DEVELOPMENT_TEAM = BR9PN6637Q;
				GENERATE_INFOPLIST_FILE = YES;
				INFOPLIST_FILE = CreatorMediaClubs/Info.plist;
				INFOPLIST_KEY_UIApplicationSupportsIndirectInputEvents = YES;
				INFOPLIST_KEY_UILaunchStoryboardName = LaunchScreen;
				INFOPLIST_KEY_UIMainStoryboardFile = Main;
				INFOPLIST_KEY_UISupportedInterfaceOrientations_iPad = "UIInterfaceOrientationPortrait UIInterfaceOrientationPortraitUpsideDown UIInterfaceOrientationLandscapeLeft UIInterfaceOrientationLandscapeRight";
				INFOPLIST_KEY_UISupportedInterfaceOrientations_iPhone = "UIInterfaceOrientationPortrait UIInterfaceOrientationLandscapeLeft UIInterfaceOrientationLandscapeRight";
				LD_RUNPATH_SEARCH_PATHS = (
					"$(inherited)",
					"@executable_path/Frameworks",
				);
				MARKETING_VERSION = 1.0;
				PRODUCT_BUNDLE_IDENTIFIER = com.kellum.CreatorMediaClubs;
				PRODUCT_NAME = "$(TARGET_NAME)";
				SWIFT_EMIT_LOC_STRINGS = YES;
				SWIFT_VERSION = 5.0;
				TARGETED_DEVICE_FAMILY = "1,2";
			};
			name = Debug;
		};
		83CB56B02731DD7300E3D3CD /* Release */ = {
			isa = XCBuildConfiguration;
			baseConfigurationReference = C44F3CEDFFD4B6AF50D3FC5E /* Pods-CreatorMediaClubs.release.xcconfig */;
			buildSettings = {
				ASSETCATALOG_COMPILER_APPICON_NAME = AppIcon;
				ASSETCATALOG_COMPILER_GLOBAL_ACCENT_COLOR_NAME = AccentColor;
				CODE_SIGN_STYLE = Automatic;
				CURRENT_PROJECT_VERSION = 1;
				DEVELOPMENT_TEAM = BR9PN6637Q;
				GENERATE_INFOPLIST_FILE = YES;
				INFOPLIST_FILE = CreatorMediaClubs/Info.plist;
				INFOPLIST_KEY_UIApplicationSupportsIndirectInputEvents = YES;
				INFOPLIST_KEY_UILaunchStoryboardName = LaunchScreen;
				INFOPLIST_KEY_UIMainStoryboardFile = Main;
				INFOPLIST_KEY_UISupportedInterfaceOrientations_iPad = "UIInterfaceOrientationPortrait UIInterfaceOrientationPortraitUpsideDown UIInterfaceOrientationLandscapeLeft UIInterfaceOrientationLandscapeRight";
				INFOPLIST_KEY_UISupportedInterfaceOrientations_iPhone = "UIInterfaceOrientationPortrait UIInterfaceOrientationLandscapeLeft UIInterfaceOrientationLandscapeRight";
				LD_RUNPATH_SEARCH_PATHS = (
					"$(inherited)",
					"@executable_path/Frameworks",
				);
				MARKETING_VERSION = 1.0;
				PRODUCT_BUNDLE_IDENTIFIER = com.kellum.CreatorMediaClubs;
				PRODUCT_NAME = "$(TARGET_NAME)";
				SWIFT_EMIT_LOC_STRINGS = YES;
				SWIFT_VERSION = 5.0;
				TARGETED_DEVICE_FAMILY = "1,2";
			};
			name = Release;
		};
		83CB56B22731DD7300E3D3CD /* Debug */ = {
			isa = XCBuildConfiguration;
			baseConfigurationReference = 8A2FF051BF9D2A73F2F0B0CD /* Pods-CreatorMediaClubsTests.debug.xcconfig */;
			buildSettings = {
				ALWAYS_EMBED_SWIFT_STANDARD_LIBRARIES = YES;
				BUNDLE_LOADER = "$(TEST_HOST)";
				CODE_SIGN_STYLE = Automatic;
				CURRENT_PROJECT_VERSION = 1;
				DEVELOPMENT_TEAM = BR9PN6637Q;
				GENERATE_INFOPLIST_FILE = YES;
				IPHONEOS_DEPLOYMENT_TARGET = 15.0;
				LD_RUNPATH_SEARCH_PATHS = (
					"$(inherited)",
					"@executable_path/Frameworks",
					"@loader_path/Frameworks",
				);
				MARKETING_VERSION = 1.0;
				PRODUCT_BUNDLE_IDENTIFIER = com.kellum.CreatorMediaClubsTests;
				PRODUCT_NAME = "$(TARGET_NAME)";
				SWIFT_EMIT_LOC_STRINGS = NO;
				SWIFT_VERSION = 5.0;
				TARGETED_DEVICE_FAMILY = "1,2";
				TEST_HOST = "$(BUILT_PRODUCTS_DIR)/CreatorMediaClubs.app/CreatorMediaClubs";
			};
			name = Debug;
		};
		83CB56B32731DD7300E3D3CD /* Release */ = {
			isa = XCBuildConfiguration;
			baseConfigurationReference = CC10B0CD028AEF8DB7B82A6A /* Pods-CreatorMediaClubsTests.release.xcconfig */;
			buildSettings = {
				ALWAYS_EMBED_SWIFT_STANDARD_LIBRARIES = YES;
				BUNDLE_LOADER = "$(TEST_HOST)";
				CODE_SIGN_STYLE = Automatic;
				CURRENT_PROJECT_VERSION = 1;
				DEVELOPMENT_TEAM = BR9PN6637Q;
				GENERATE_INFOPLIST_FILE = YES;
				IPHONEOS_DEPLOYMENT_TARGET = 15.0;
				LD_RUNPATH_SEARCH_PATHS = (
					"$(inherited)",
					"@executable_path/Frameworks",
					"@loader_path/Frameworks",
				);
				MARKETING_VERSION = 1.0;
				PRODUCT_BUNDLE_IDENTIFIER = com.kellum.CreatorMediaClubsTests;
				PRODUCT_NAME = "$(TARGET_NAME)";
				SWIFT_EMIT_LOC_STRINGS = NO;
				SWIFT_VERSION = 5.0;
				TARGETED_DEVICE_FAMILY = "1,2";
				TEST_HOST = "$(BUILT_PRODUCTS_DIR)/CreatorMediaClubs.app/CreatorMediaClubs";
			};
			name = Release;
		};
		83CB56B52731DD7300E3D3CD /* Debug */ = {
			isa = XCBuildConfiguration;
			baseConfigurationReference = BF3BC1982E4760D4F2709807 /* Pods-CreatorMediaClubsUITests.debug.xcconfig */;
			buildSettings = {
				ALWAYS_EMBED_SWIFT_STANDARD_LIBRARIES = YES;
				CODE_SIGN_STYLE = Automatic;
				CURRENT_PROJECT_VERSION = 1;
				DEVELOPMENT_TEAM = BR9PN6637Q;
				GENERATE_INFOPLIST_FILE = YES;
				LD_RUNPATH_SEARCH_PATHS = (
					"$(inherited)",
					"@executable_path/Frameworks",
					"@loader_path/Frameworks",
				);
				MARKETING_VERSION = 1.0;
				PRODUCT_BUNDLE_IDENTIFIER = com.kellum.CreatorMediaClubsUITests;
				PRODUCT_NAME = "$(TARGET_NAME)";
				SWIFT_EMIT_LOC_STRINGS = NO;
				SWIFT_VERSION = 5.0;
				TARGETED_DEVICE_FAMILY = "1,2";
				TEST_TARGET_NAME = CreatorMediaClubs;
			};
			name = Debug;
		};
		83CB56B62731DD7300E3D3CD /* Release */ = {
			isa = XCBuildConfiguration;
			baseConfigurationReference = 748A8CE8085CA0F187791492 /* Pods-CreatorMediaClubsUITests.release.xcconfig */;
			buildSettings = {
				ALWAYS_EMBED_SWIFT_STANDARD_LIBRARIES = YES;
				CODE_SIGN_STYLE = Automatic;
				CURRENT_PROJECT_VERSION = 1;
				DEVELOPMENT_TEAM = BR9PN6637Q;
				GENERATE_INFOPLIST_FILE = YES;
				LD_RUNPATH_SEARCH_PATHS = (
					"$(inherited)",
					"@executable_path/Frameworks",
					"@loader_path/Frameworks",
				);
				MARKETING_VERSION = 1.0;
				PRODUCT_BUNDLE_IDENTIFIER = com.kellum.CreatorMediaClubsUITests;
				PRODUCT_NAME = "$(TARGET_NAME)";
				SWIFT_EMIT_LOC_STRINGS = NO;
				SWIFT_VERSION = 5.0;
				TARGETED_DEVICE_FAMILY = "1,2";
				TEST_TARGET_NAME = CreatorMediaClubs;
			};
			name = Release;
		};
/* End XCBuildConfiguration section */

/* Begin XCConfigurationList section */
		83CB567F2731DD7200E3D3CD /* Build configuration list for PBXProject "CreatorMediaClubs" */ = {
			isa = XCConfigurationList;
			buildConfigurations = (
				83CB56AC2731DD7300E3D3CD /* Debug */,
				83CB56AD2731DD7300E3D3CD /* Release */,
			);
			defaultConfigurationIsVisible = 0;
			defaultConfigurationName = Release;
		};
		83CB56AE2731DD7300E3D3CD /* Build configuration list for PBXNativeTarget "CreatorMediaClubs" */ = {
			isa = XCConfigurationList;
			buildConfigurations = (
				83CB56AF2731DD7300E3D3CD /* Debug */,
				83CB56B02731DD7300E3D3CD /* Release */,
			);
			defaultConfigurationIsVisible = 0;
			defaultConfigurationName = Release;
		};
		83CB56B12731DD7300E3D3CD /* Build configuration list for PBXNativeTarget "CreatorMediaClubsTests" */ = {
			isa = XCConfigurationList;
			buildConfigurations = (
				83CB56B22731DD7300E3D3CD /* Debug */,
				83CB56B32731DD7300E3D3CD /* Release */,
			);
			defaultConfigurationIsVisible = 0;
			defaultConfigurationName = Release;
		};
		83CB56B42731DD7300E3D3CD /* Build configuration list for PBXNativeTarget "CreatorMediaClubsUITests" */ = {
			isa = XCConfigurationList;
			buildConfigurations = (
				83CB56B52731DD7300E3D3CD /* Debug */,
				83CB56B62731DD7300E3D3CD /* Release */,
			);
			defaultConfigurationIsVisible = 0;
			defaultConfigurationName = Release;
		};
/* End XCConfigurationList section */
	};
	rootObject = 83CB567C2731DD7200E3D3CD /* Project object */;
}
